
Microsoft Visual Studio Solution File, Format Version 12.00
# Visual Studio 15
VisualStudioVersion = 15.0.28307.1169
MinimumVisualStudioVersion = 10.0.40219.1
Project("{8BC9CEB8-8B4A-11D0-8D11-00A0C91BC942}") = "MMN14", "MMN14.vcxproj", "{3D823CFC-B2EF-4C91-A7C0-12CC2BAC0903}"
EndProject
Global
	GlobalSection(SolutionConfigurationPlatforms) = preSolution
		Debug|x64 = Debug|x64
		Debug|x86 = Debug|x86
		Release|x64 = Release|x64
		Release|x86 = Release|x86
	EndGlobalSection
	GlobalSection(ProjectConfigurationPlatforms) = postSolution
		{3D823CFC-B2EF-4C91-A7C0-12CC2BAC0903}.Debug|x64.ActiveCfg = Debug|x64
		{3D823CFC-B2EF-4C91-A7C0-12CC2BAC0903}.Debug|x64.Build.0 = Debug|x64
		{3D823CFC-B2EF-4C91-A7C0-12CC2BAC0903}.Debug|x86.ActiveCfg = Debug|Win32
		{3D823CFC-B2EF-4C91-A7C0-12CC2BAC0903}.Debug|x86.Build.0 = Debug|Win32
		{3D823CFC-B2EF-4C91-A7C0-12CC2BAC0903}.Release|x64.ActiveCfg = Release|x64
		{3D823CFC-B2EF-4C91-A7C0-12CC2BAC0903}.Release|x64.Build.0 = Release|x64
		{3D823CFC-B2EF-4C91-A7C0-12CC2BAC0903}.Release|x86.ActiveCfg = Release|Win32
		{3D823CFC-B2EF-4C91-A7C0-12CC2BAC0903}.Release|x86.Build.0 = Release|Win32
	EndGlobalSection
	GlobalSection(SolutionProperties) = preSolution
		HideSolutionNode = FALSE
	EndGlobalSection
	GlobalSection(ExtensibilityGlobals) = postSolution
		SolutionGuid = {A9F1BAAE-570C-492B-8946-B22A95954026}
	EndGlobalSection
EndGlobal
